PODS:
  - Flutter (1.0.0)
  - flutter_tts (0.0.1):
    - Flutter
  - objective_c (0.0.1):
    - Flutter

DEPENDENCIES:
  - Flutter (from `Flutter`)
  - flutter_tts (from `.symlinks/plugins/flutter_tts/ios`)
  - objective_c (from `.symlinks/plugins/objective_c/ios`)

EXTERNAL SOURCES:
  Flutter:
    :path: Flutter
  flutter_tts:
    :path: ".symlinks/plugins/flutter_tts/ios"
  objective_c:
    :path: ".symlinks/plugins/objective_c/ios"

SPEC CHECKSUMS:
  Flutter: 71a624a5bc0c04062bf19101d501e466baf2fb47
  flutter_tts: 35ac3c7d42412733e795ea96ad2d7e05d0a75113
  objective_c: 89e720c30d716b036faf9c9684022048eee1eee2

PODFILE CHECKSUM: 3ba3a73b1b12adcf321a227a745625fe0888cc82

COCOAPODS: 1.17.0
